
Microsoft Visual Studio Solution File, Format Version 12.00
# Visual Studio Version 17
VisualStudioVersion = 17.8.34511.84
MinimumVisualStudioVersion = 10.0.40219.1
Project("{9A19103F-16F7-4668-BE54-9A1E7A4F7556}") = "MicroserviceFirst.API", "MicroserviceFirst.API\MicroserviceFirst.API.csproj", "{2606317B-967F-4F7F-8F5C-67C53ACA5E60}"
EndProject
Project("{9A19103F-16F7-4668-BE54-9A1E7A4F7556}") = "MicroserviceSecond.API", "MicroserviceSecond.API\MicroserviceSecond.API.csproj", "{F3FD205D-CA9A-43E1-A8DD-FFAA8C79FCED}"
EndProject
Global
	GlobalSection(SolutionConfigurationPlatforms) = preSolution
		Debug|Any CPU = Debug|Any CPU
		Release|Any CPU = Release|Any CPU
	EndGlobalSection
	GlobalSection(ProjectConfigurationPlatforms) = postSolution
		{2606317B-967F-4F7F-8F5C-67C53ACA5E60}.Debug|Any CPU.ActiveCfg = Debug|Any CPU
		{2606317B-967F-4F7F-8F5C-67C53ACA5E60}.Debug|Any CPU.Build.0 = Debug|Any CPU
		{2606317B-967F-4F7F-8F5C-67C53ACA5E60}.Release|Any CPU.ActiveCfg = Release|Any CPU
		{2606317B-967F-4F7F-8F5C-67C53ACA5E60}.Release|Any CPU.Build.0 = Release|Any CPU
		{F3FD205D-CA9A-43E1-A8DD-FFAA8C79FCED}.Debug|Any CPU.ActiveCfg = Debug|Any CPU
		{F3FD205D-CA9A-43E1-A8DD-FFAA8C79FCED}.Debug|Any CPU.Build.0 = Debug|Any CPU
		{F3FD205D-CA9A-43E1-A8DD-FFAA8C79FCED}.Release|Any CPU.ActiveCfg = Release|Any CPU
		{F3FD205D-CA9A-43E1-A8DD-FFAA8C79FCED}.Release|Any CPU.Build.0 = Release|Any CPU
	EndGlobalSection
	GlobalSection(SolutionProperties) = preSolution
		HideSolutionNode = FALSE
	EndGlobalSection
	GlobalSection(ExtensibilityGlobals) = postSolution
		SolutionGuid = {353CA027-427B-4B36-A8A2-1F607AA8CC0A}
	EndGlobalSection
EndGlobal
